
Microsoft Visual Studio Solution File, Format Version 12.00
# Visual Studio 15
VisualStudioVersion = 15.0.26403.0
MinimumVisualStudioVersion = 10.0.40219.1
Project("{FAE04EC0-301F-11D3-BF4B-00C04F79EFBC}") = "CardOrganizer", "CardOrganizer\CardOrganizer.csproj", "{DA4F64DD-DA58-4860-AF96-F7185DAD3A8D}"
EndProject
Project("{FAE04EC0-301F-11D3-BF4B-00C04F79EFBC}") = "Tests", "UnitTests\Tests.csproj", "{955B57A1-FB31-4355-957A-19C16A2C5E33}"
EndProject
Project("{2150E333-8FDC-42A3-9474-1A3956D46DE8}") = "Dll Dependancies", "Dll Dependancies", "{E66EFB41-BD88-41F9-9775-AA598AE27630}"
	ProjectSection(SolutionItems) = preProject
		Dll Dependancies\Autofac.dll = Dll Dependancies\Autofac.dll
		Dll Dependancies\Castle.Core.dll = Dll Dependancies\Castle.Core.dll
		Dll Dependancies\Moq.dll = Dll Dependancies\Moq.dll
		Dll Dependancies\nunit.framework.dll = Dll Dependancies\nunit.framework.dll
	EndProjectSection
EndProject
Global
	GlobalSection(SolutionConfigurationPlatforms) = preSolution
		Debug|Any CPU = Debug|Any CPU
		Release|Any CPU = Release|Any CPU
	EndGlobalSection
	GlobalSection(ProjectConfigurationPlatforms) = postSolution
		{DA4F64DD-DA58-4860-AF96-F7185DAD3A8D}.Debug|Any CPU.ActiveCfg = Debug|Any CPU
		{DA4F64DD-DA58-4860-AF96-F7185DAD3A8D}.Debug|Any CPU.Build.0 = Debug|Any CPU
		{DA4F64DD-DA58-4860-AF96-F7185DAD3A8D}.Release|Any CPU.ActiveCfg = Release|Any CPU
		{DA4F64DD-DA58-4860-AF96-F7185DAD3A8D}.Release|Any CPU.Build.0 = Release|Any CPU
		{955B57A1-FB31-4355-957A-19C16A2C5E33}.Debug|Any CPU.ActiveCfg = Debug|Any CPU
		{955B57A1-FB31-4355-957A-19C16A2C5E33}.Debug|Any CPU.Build.0 = Debug|Any CPU
		{955B57A1-FB31-4355-957A-19C16A2C5E33}.Release|Any CPU.ActiveCfg = Release|Any CPU
		{955B57A1-FB31-4355-957A-19C16A2C5E33}.Release|Any CPU.Build.0 = Release|Any CPU
	EndGlobalSection
	GlobalSection(SolutionProperties) = preSolution
		HideSolutionNode = FALSE
	EndGlobalSection
EndGlobal
